// !$*UTF8*$!
{
	archiveVersion = 1;
	classes = {
	};
	objectVersion = 46;
	objects = {

/* Begin PBXBuildFile section */
		C47BA41D1AB1EE2000091878 /* main.m in Sources */ = {isa = PBXBuildFile; fileRef = C47BA41C1AB1EE2000091878 /* main.m */; };
		C47BA4201AB1EE2000091878 /* AppDelegate.m in Sources */ = {isa = PBXBuildFile; fileRef = C47BA41F1AB1EE2000091878 /* AppDelegate.m */; };
		C47BA4231AB1EE2000091878 /* ViewController.m in Sources */ = {isa = PBXBuildFile; fileRef = C47BA4221AB1EE2000091878 /* ViewController.m */; };
		C47BA4261AB1EE2000091878 /* Main.storyboard in Resources */ = {isa = PBXBuildFile; fileRef = C47BA4241AB1EE2000091878 /* Main.storyboard */; };
		C47BA4281AB1EE2000091878 /* Images.xcassets in Resources */ = {isa = PBXBuildFile; fileRef = C47BA4271AB1EE2000091878 /* Images.xcassets */; };
		C47BA42B1AB1EE2000091878 /* LaunchScreen.xib in Resources */ = {isa = PBXBuildFile; fileRef = C47BA4291AB1EE2000091878 /* LaunchScreen.xib */; };
		C47BA4371AB1EE2000091878 /* MinorityReportTests.m in Sources */ = {isa = PBXBuildFile; fileRef = C47BA4361AB1EE2000091878 /* MinorityReportTests.m */; };
/* End PBXBuildFile section */

/* Begin PBXContainerItemProxy section */
		C47BA4311AB1EE2000091878 /* PBXContainerItemProxy */ = {
			isa = PBXContainerItemProxy;
			containerPortal = C47BA40F1AB1EE2000091878 /* Project object */;
			proxyType = 1;
			remoteGlobalIDString = C47BA4161AB1EE2000091878;
			remoteInfo = MinorityReport;
		};
/* End PBXContainerItemProxy section */

/* Begin PBXFileReference section */
		C47BA4171AB1EE2000091878 /* MinorityReport.app */ = {isa = PBXFileReference; explicitFileType = wrapper.application; includeInIndex = 0; path = MinorityReport.app; sourceTree = BUILT_PRODUCTS_DIR; };
		C47BA41B1AB1EE2000091878 /* Info.plist */ = {isa = PBXFileReference; lastKnownFileType = text.plist.xml; path = Info.plist; sourceTree = "<group>"; };
		C47BA41C1AB1EE2000091878 /* main.m */ = {isa = PBXFileReference; lastKnownFileType = sourcecode.c.objc; path = main.m; sourceTree = "<group>"; };
		C47BA41E1AB1EE2000091878 /* AppDelegate.h */ = {isa = PBXFileReference; lastKnownFileType = sourcecode.c.h; path = AppDelegate.h; sourceTree = "<group>"; };
		C47BA41F1AB1EE2000091878 /* AppDelegate.m */ = {isa = PBXFileReference; lastKnownFileType = sourcecode.c.objc; path = AppDelegate.m; sourceTree = "<group>"; };
		C47BA4211AB1EE2000091878 /* ViewController.h */ = {isa = PBXFileReference; lastKnownFileType = sourcecode.c.h; path = ViewController.h; sourceTree = "<group>"; };
		C47BA4221AB1EE2000091878 /* ViewController.m */ = {isa = PBXFileReference; lastKnownFileType = sourcecode.c.objc; path = ViewController.m; sourceTree = "<group>"; };
		C47BA4251AB1EE2000091878 /* Base */ = {isa = PBXFileReference; lastKnownFileType = file.storyboard; name = Base; path = Base.lproj/Main.storyboard; sourceTree = "<group>"; };
		C47BA4271AB1EE2000091878 /* Images.xcassets */ = {isa = PBXFileReference; lastKnownFileType = folder.assetcatalog; path = Images.xcassets; sourceTree = "<group>"; };
		C47BA42A1AB1EE2000091878 /* Base */ = {isa = PBXFileReference; lastKnownFileType = file.xib; name = Base; path = Base.lproj/LaunchScreen.xib; sourceTree = "<group>"; };
		C47BA4301AB1EE2000091878 /* MinorityReportTests.xctest */ = {isa = PBXFileReference; explicitFileType = wrapper.cfbundle; includeInIndex = 0; path = MinorityReportTests.xctest; sourceTree = BUILT_PRODUCTS_DIR; };
		C47BA4351AB1EE2000091878 /* Info.plist */ = {isa = PBXFileReference; lastKnownFileType = text.plist.xml; path = Info.plist; sourceTree = "<group>"; };
		C47BA4361AB1EE2000091878 /* MinorityReportTests.m */ = {isa = PBXFileReference; lastKnownFileType = sourcecode.c.objc; path = MinorityReportTests.m; sourceTree = "<group>"; };
/* End PBXFileReference section */

/* Begin PBXFrameworksBuildPhase section */
		C47BA4141AB1EE2000091878 /* Frameworks */ = {
			isa = PBXFrameworksBuildPhase;
			buildActionMask = 2147483647;
			files = (
			);
			runOnlyForDeploymentPostprocessing = 0;
		};
		C47BA42D1AB1EE2000091878 /* Frameworks */ = {
			isa = PBXFrameworksBuildPhase;
			buildActionMask = 2147483647;
			files = (
			);
			runOnlyForDeploymentPostprocessing = 0;
		};
/* End PBXFrameworksBuildPhase section */

/* Begin PBXGroup section */
		C47BA40E1AB1EE2000091878 = {
			isa = PBXGroup;
			children = (
				C47BA4191AB1EE2000091878 /* MinorityReport */,
				C47BA4331AB1EE2000091878 /* MinorityReportTests */,
				C47BA4181AB1EE2000091878 /* Products */,
			);
			sourceTree = "<group>";
		};
		C47BA4181AB1EE2000091878 /* Products */ = {
			isa = PBXGroup;
			children = (
				C47BA4171AB1EE2000091878 /* MinorityReport.app */,
				C47BA4301AB1EE2000091878 /* MinorityReportTests.xctest */,
			);
			name = Products;
			sourceTree = "<group>";
		};
		C47BA4191AB1EE2000091878 /* MinorityReport */ = {
			isa = PBXGroup;
			children = (
				C47BA41E1AB1EE2000091878 /* AppDelegate.h */,
				C47BA41F1AB1EE2000091878 /* AppDelegate.m */,
				C47BA4211AB1EE2000091878 /* ViewController.h */,
				C47BA4221AB1EE2000091878 /* ViewController.m */,
				C47BA4241AB1EE2000091878 /* Main.storyboard */,
				C47BA4271AB1EE2000091878 /* Images.xcassets */,
				C47BA4291AB1EE2000091878 /* LaunchScreen.xib */,
				C47BA41A1AB1EE2000091878 /* Supporting Files */,
			);
			path = MinorityReport;
			sourceTree = "<group>";
		};
		C47BA41A1AB1EE2000091878 /* Supporting Files */ = {
			isa = PBXGroup;
			children = (
				C47BA41B1AB1EE2000091878 /* Info.plist */,
				C47BA41C1AB1EE2000091878 /* main.m */,
			);
			name = "Supporting Files";
			sourceTree = "<group>";
		};
		C47BA4331AB1EE2000091878 /* MinorityReportTests */ = {
			isa = PBXGroup;
			children = (
				C47BA4361AB1EE2000091878 /* MinorityReportTests.m */,
				C47BA4341AB1EE2000091878 /* Supporting Files */,
			);
			path = MinorityReportTests;
			sourceTree = "<group>";
		};
		C47BA4341AB1EE2000091878 /* Supporting Files */ = {
			isa = PBXGroup;
			children = (
				C47BA4351AB1EE2000091878 /* Info.plist */,
			);
			name = "Supporting Files";
			sourceTree = "<group>";
		};
/* End PBXGroup section */

/* Begin PBXNativeTarget section */
		C47BA4161AB1EE2000091878 /* MinorityReport */ = {
			isa = PBXNativeTarget;
			buildConfigurationList = C47BA43A1AB1EE2000091878 /* Build configuration list for PBXNativeTarget "MinorityReport" */;
			buildPhases = (
				C47BA4131AB1EE2000091878 /* Sources */,
				C47BA4141AB1EE2000091878 /* Frameworks */,
				C47BA4151AB1EE2000091878 /* Resources */,
			);
			buildRules = (
			);
			dependencies = (
			);
			name = MinorityReport;
			productName = MinorityReport;
			productReference = C47BA4171AB1EE2000091878 /* MinorityReport.app */;
			productType = "com.apple.product-type.application";
		};
		C47BA42F1AB1EE2000091878 /* MinorityReportTests */ = {
			isa = PBXNativeTarget;
			buildConfigurationList = C47BA43D1AB1EE2000091878 /* Build configuration list for PBXNativeTarget "MinorityReportTests" */;
			buildPhases = (
				C47BA42C1AB1EE2000091878 /* Sources */,
				C47BA42D1AB1EE2000091878 /* Frameworks */,
				C47BA42E1AB1EE2000091878 /* Resources */,
			);
			buildRules = (
			);
			dependencies = (
				C47BA4321AB1EE2000091878 /* PBXTargetDependency */,
			);
			name = MinorityReportTests;
			productName = MinorityReportTests;
			productReference = C47BA4301AB1EE2000091878 /* MinorityReportTests.xctest */;
			productType = "com.apple.product-type.bundle.unit-test";
		};
/* End PBXNativeTarget section */

/* Begin PBXProject section */
		C47BA40F1AB1EE2000091878 /* Project object */ = {
			isa = PBXProject;
			attributes = {
				LastUpgradeCheck = 0620;
				ORGANIZATIONNAME = "Matt Larkin";
				TargetAttributes = {
					C47BA4161AB1EE2000091878 = {
						CreatedOnToolsVersion = 6.2;
					};
					C47BA42F1AB1EE2000091878 = {
						CreatedOnToolsVersion = 6.2;
						TestTargetID = C47BA4161AB1EE2000091878;
					};
				};
			};
			buildConfigurationList = C47BA4121AB1EE2000091878 /* Build configuration list for PBXProject "MinorityReport" */;
			compatibilityVersion = "Xcode 3.2";
			developmentRegion = English;
			hasScannedForEncodings = 0;
			knownRegions = (
				en,
				Base,
			);
			mainGroup = C47BA40E1AB1EE2000091878;
			productRefGroup = C47BA4181AB1EE2000091878 /* Products */;
			projectDirPath = "";
			projectRoot = "";
			targets = (
				C47BA4161AB1EE2000091878 /* MinorityReport */,
				C47BA42F1AB1EE2000091878 /* MinorityReportTests */,
			);
		};
/* End PBXProject section */

/* Begin PBXResourcesBuildPhase section */
		C47BA4151AB1EE2000091878 /* Resources */ = {
			isa = PBXResourcesBuildPhase;
			buildActionMask = 2147483647;
			files = (
				C47BA4261AB1EE2000091878 /* Main.storyboard in Resources */,
				C47BA42B1AB1EE2000091878 /* LaunchScreen.xib in Resources */,
				C47BA4281AB1EE2000091878 /* Images.xcassets in Resources */,
			);
			runOnlyForDeploymentPostprocessing = 0;
		};
		C47BA42E1AB1EE2000091878 /* Resources */ = {
			isa = PBXResourcesBuildPhase;
			buildActionMask = 2147483647;
			files = (
			);
			runOnlyForDeploymentPostprocessing = 0;
		};
/* End PBXResourcesBuildPhase section */

/* Begin PBXSourcesBuildPhase section */
		C47BA4131AB1EE2000091878 /* Sources */ = {
			isa = PBXSourcesBuildPhase;
			buildActionMask = 2147483647;
			files = (
				C47BA4231AB1EE2000091878 /* ViewController.m in Sources */,
				C47BA4201AB1EE2000091878 /* AppDelegate.m in Sources */,
				C47BA41D1AB1EE2000091878 /* main.m in Sources */,
			);
			runOnlyForDeploymentPostprocessing = 0;
		};
		C47BA42C1AB1EE2000091878 /* Sources */ = {
			isa = PBXSourcesBuildPhase;
			buildActionMask = 2147483647;
			files = (
				C47BA4371AB1EE2000091878 /* MinorityReportTests.m in Sources */,
			);
			runOnlyForDeploymentPostprocessing = 0;
		};
/* End PBXSourcesBuildPhase section */

/* Begin PBXTargetDependency section */
		C47BA4321AB1EE2000091878 /* PBXTargetDependency */ = {
			isa = PBXTargetDependency;
			target = C47BA4161AB1EE2000091878 /* MinorityReport */;
			targetProxy = C47BA4311AB1EE2000091878 /* PBXContainerItemProxy */;
		};
/* End PBXTargetDependency section */

/* Begin PBXVariantGroup section */
		C47BA4241AB1EE2000091878 /* Main.storyboard */ = {
			isa = PBXVariantGroup;
			children = (
				C47BA4251AB1EE2000091878 /* Base */,
			);
			name = Main.storyboard;
			sourceTree = "<group>";
		};
		C47BA4291AB1EE2000091878 /* LaunchScreen.xib */ = {
			isa = PBXVariantGroup;
			children = (
				C47BA42A1AB1EE2000091878 /* Base */,
			);
			name = LaunchScreen.xib;
			sourceTree = "<group>";
		};
/* End PBXVariantGroup section */

/* Begin XCBuildConfiguration section */
		C47BA4381AB1EE2000091878 /* Debug */ = {
			isa = XCBuildConfiguration;
			buildSettings = {
				ALWAYS_SEARCH_USER_PATHS = NO;
				CLANG_CXX_LANGUAGE_STANDARD = "gnu++0x";
				CLANG_CXX_LIBRARY = "libc++";
				CLANG_ENABLE_MODULES = YES;
				CLANG_ENABLE_OBJC_ARC = YES;
				CLANG_WARN_BOOL_CONVERSION = YES;
				CLANG_WARN_CONSTANT_CONVERSION = YES;
				CLANG_WARN_DIRECT_OBJC_ISA_USAGE = YES_ERROR;
				CLANG_WARN_EMPTY_BODY = YES;
				CLANG_WARN_ENUM_CONVERSION = YES;
				CLANG_WARN_INT_CONVERSION = YES;
				CLANG_WARN_OBJC_ROOT_CLASS = YES_ERROR;
				CLANG_WARN_UNREACHABLE_CODE = YES;
				CLANG_WARN__DUPLICATE_METHOD_MATCH = YES;
				"CODE_SIGN_IDENTITY[sdk=iphoneos*]" = "iPhone Developer";
				COPY_PHASE_STRIP = NO;
				ENABLE_STRICT_OBJC_MSGSEND = YES;
				GCC_C_LANGUAGE_STANDARD = gnu99;
				GCC_DYNAMIC_NO_PIC = NO;
				GCC_OPTIMIZATION_LEVEL = 0;
				GCC_PREPROCESSOR_DEFINITIONS = (
					"DEBUG=1",
					"$(inherited)",
				);
				GCC_SYMBOLS_PRIVATE_EXTERN = NO;
				GCC_WARN_64_TO_32_BIT_CONVERSION = YES;
				GCC_WARN_ABOUT_RETURN_TYPE = YES_ERROR;
				GCC_WARN_UNDECLARED_SELECTOR = YES;
				GCC_WARN_UNINITIALIZED_AUTOS = YES_AGGRESSIVE;
				GCC_WARN_UNUSED_FUNCTION = YES;
				GCC_WARN_UNUSED_VARIABLE = YES;
				IPHONEOS_DEPLOYMENT_TARGET = 8.2;
				MTL_ENABLE_DEBUG_INFO = YES;
				ONLY_ACTIVE_ARCH = YES;
				SDKROOT = iphoneos;
			};
			name = Debug;
		};
		C47BA4391AB1EE2000091878 /* Release */ = {
			isa = XCBuildConfiguration;
			buildSettings = {
				ALWAYS_SEARCH_USER_PATHS = NO;
				CLANG_CXX_LANGUAGE_STANDARD = "gnu++0x";
				CLANG_CXX_LIBRARY = "libc++";
				CLANG_ENABLE_MODULES = YES;
				CLANG_ENABLE_OBJC_ARC = YES;
				CLANG_WARN_BOOL_CONVERSION = YES;
				CLANG_WARN_CONSTANT_CONVERSION = YES;
				CLANG_WARN_DIRECT_OBJC_ISA_USAGE = YES_ERROR;
				CLANG_WARN_EMPTY_BODY = YES;
				CLANG_WARN_ENUM_CONVERSION = YES;
				CLANG_WARN_INT_CONVERSION = YES;
				CLANG_WARN_OBJC_ROOT_CLASS = YES_ERROR;
				CLANG_WARN_UNREACHABLE_CODE = YES;
				CLANG_WARN__DUPLICATE_METHOD_MATCH = YES;
				"CODE_SIGN_IDENTITY[sdk=iphoneos*]" = "iPhone Developer";
				COPY_PHASE_STRIP = NO;
				ENABLE_NS_ASSERTIONS = NO;
				ENABLE_STRICT_OBJC_MSGSEND = YES;
				GCC_C_LANGUAGE_STANDARD = gnu99;
				GCC_WARN_64_TO_32_BIT_CONVERSION = YES;
				GCC_WARN_ABOUT_RETURN_TYPE = YES_ERROR;
				GCC_WARN_UNDECLARED_SELECTOR = YES;
				GCC_WARN_UNINITIALIZED_AUTOS = YES_AGGRESSIVE;
				GCC_WARN_UNUSED_FUNCTION = YES;
				GCC_WARN_UNUSED_VARIABLE = YES;
				IPHONEOS_DEPLOYMENT_TARGET = 8.2;
				MTL_ENABLE_DEBUG_INFO = NO;
				SDKROOT = iphoneos;
				VALIDATE_PRODUCT = YES;
			};
			name = Release;
		};
		C47BA43B1AB1EE2000091878 /* Debug */ = {
			isa = XCBuildConfiguration;
			buildSettings = {
				ASSETCATALOG_COMPILER_APPICON_NAME = AppIcon;
				INFOPLIST_FILE = MinorityReport/Info.plist;
				LD_RUNPATH_SEARCH_PATHS = "$(inherited) @executable_path/Frameworks";
				PRODUCT_NAME = "$(TARGET_NAME)";
			};
			name = Debug;
		};
		C47BA43C1AB1EE2000091878 /* Release */ = {
			isa = XCBuildConfiguration;
			buildSettings = {
				ASSETCATALOG_COMPILER_APPICON_NAME = AppIcon;
				INFOPLIST_FILE = MinorityReport/Info.plist;
				LD_RUNPATH_SEARCH_PATHS = "$(inherited) @executable_path/Frameworks";
				PRODUCT_NAME = "$(TARGET_NAME)";
			};
			name = Release;
		};
		C47BA43E1AB1EE2000091878 /* Debug */ = {
			isa = XCBuildConfiguration;
			buildSettings = {
				BUNDLE_LOADER = "$(TEST_HOST)";
				FRAMEWORK_SEARCH_PATHS = (
					"$(SDKROOT)/Developer/Library/Frameworks",
					"$(inherited)",
				);
				GCC_PREPROCESSOR_DEFINITIONS = (
					"DEBUG=1",
					"$(inherited)",
				);
				INFOPLIST_FILE = MinorityReportTests/Info.plist;
				LD_RUNPATH_SEARCH_PATHS = "$(inherited) @executable_path/Frameworks @loader_path/Frameworks";
				PRODUCT_NAME = "$(TARGET_NAME)";
				TEST_HOST = "$(BUILT_PRODUCTS_DIR)/MinorityReport.app/MinorityReport";
			};
			name = Debug;
		};
		C47BA43F1AB1EE2000091878 /* Release */ = {
			isa = XCBuildConfiguration;
			buildSettings = {
				BUNDLE_LOADER = "$(TEST_HOST)";
				FRAMEWORK_SEARCH_PATHS = (
					"$(SDKROOT)/Developer/Library/Frameworks",
					"$(inherited)",
				);
				INFOPLIST_FILE = MinorityReportTests/Info.plist;
				LD_RUNPATH_SEARCH_PATHS = "$(inherited) @executable_path/Frameworks @loader_path/Frameworks";
				PRODUCT_NAME = "$(TARGET_NAME)";
				TEST_HOST = "$(BUILT_PRODUCTS_DIR)/MinorityReport.app/MinorityReport";
			};
			name = Release;
		};
/* End XCBuildConfiguration section */

/* Begin XCConfigurationList section */
		C47BA4121AB1EE2000091878 /* Build configuration list for PBXProject "MinorityReport" */ = {
			isa = XCConfigurationList;
			buildConfigurations = (
				C47BA4381AB1EE2000091878 /* Debug */,
				C47BA4391AB1EE2000091878 /* Release */,
			);
			defaultConfigurationIsVisible = 0;
			defaultConfigurationName = Release;
		};
		C47BA43A1AB1EE2000091878 /* Build configuration list for PBXNativeTarget "MinorityReport" */ = {
			isa = XCConfigurationList;
			buildConfigurations = (
				C47BA43B1AB1EE2000091878 /* Debug */,
				C47BA43C1AB1EE2000091878 /* Release */,
			);
			defaultConfigurationIsVisible = 0;
		};
		C47BA43D1AB1EE2000091878 /* Build configuration list for PBXNativeTarget "MinorityReportTests" */ = {
			isa = XCConfigurationList;
			buildConfigurations = (
				C47BA43E1AB1EE2000091878 /* Debug */,
				C47BA43F1AB1EE2000091878 /* Release */,
			);
			defaultConfigurationIsVisible = 0;
		};
/* End XCConfigurationList section */
	};
	rootObject = C47BA40F1AB1EE2000091878 /* Project object */;
}
