// !$*UTF8*$!
{
	archiveVersion = 1;
	classes = {
	};
	objectVersion = 46;
	objects = {

/* Begin PBXBuildFile section */
		C48EDFEE1AAA945C009278D7 /* main.m in Sources */ = {isa = PBXBuildFile; fileRef = C48EDFED1AAA945C009278D7 /* main.m */; };
		C48EDFF11AAA945C009278D7 /* AppDelegate.m in Sources */ = {isa = PBXBuildFile; fileRef = C48EDFF01AAA945C009278D7 /* AppDelegate.m */; };
		C48EDFF41AAA945C009278D7 /* CoffeeFindr.xcdatamodeld in Sources */ = {isa = PBXBuildFile; fileRef = C48EDFF21AAA945C009278D7 /* CoffeeFindr.xcdatamodeld */; };
		C48EDFFA1AAA945C009278D7 /* Main.storyboard in Resources */ = {isa = PBXBuildFile; fileRef = C48EDFF81AAA945C009278D7 /* Main.storyboard */; };
		C48EDFFC1AAA945C009278D7 /* Images.xcassets in Resources */ = {isa = PBXBuildFile; fileRef = C48EDFFB1AAA945C009278D7 /* Images.xcassets */; };
		C48EDFFF1AAA945C009278D7 /* LaunchScreen.xib in Resources */ = {isa = PBXBuildFile; fileRef = C48EDFFD1AAA945C009278D7 /* LaunchScreen.xib */; };
		C48EE00B1AAA945C009278D7 /* CoffeeFindrTests.m in Sources */ = {isa = PBXBuildFile; fileRef = C48EE00A1AAA945C009278D7 /* CoffeeFindrTests.m */; };
		C48EE0161AAA9496009278D7 /* ListViewController.m in Sources */ = {isa = PBXBuildFile; fileRef = C48EE0151AAA9496009278D7 /* ListViewController.m */; };
		C48EE0181AAA94FB009278D7 /* CoreLocation.framework in Frameworks */ = {isa = PBXBuildFile; fileRef = C48EE0171AAA94FB009278D7 /* CoreLocation.framework */; };
		C48EE01A1AAA950B009278D7 /* MapKit.framework in Frameworks */ = {isa = PBXBuildFile; fileRef = C48EE0191AAA950B009278D7 /* MapKit.framework */; };
		C4918E721AAB802E001497C3 /* CoffeePlace.m in Sources */ = {isa = PBXBuildFile; fileRef = C4918E711AAB802E001497C3 /* CoffeePlace.m */; };
		C4918E731AAB802E001497C3 /* CoffeePlace.m in Sources */ = {isa = PBXBuildFile; fileRef = C4918E711AAB802E001497C3 /* CoffeePlace.m */; };
		C4918E761AABFFD9001497C3 /* DetailViewController.m in Sources */ = {isa = PBXBuildFile; fileRef = C4918E751AABFFD9001497C3 /* DetailViewController.m */; };
/* End PBXBuildFile section */

/* Begin PBXContainerItemProxy section */
		C48EE0051AAA945C009278D7 /* PBXContainerItemProxy */ = {
			isa = PBXContainerItemProxy;
			containerPortal = C48EDFE01AAA945C009278D7 /* Project object */;
			proxyType = 1;
			remoteGlobalIDString = C48EDFE71AAA945C009278D7;
			remoteInfo = CoffeeFindr;
		};
/* End PBXContainerItemProxy section */

/* Begin PBXFileReference section */
		C48EDFE81AAA945C009278D7 /* CoffeeFindr.app */ = {isa = PBXFileReference; explicitFileType = wrapper.application; includeInIndex = 0; path = CoffeeFindr.app; sourceTree = BUILT_PRODUCTS_DIR; };
		C48EDFEC1AAA945C009278D7 /* Info.plist */ = {isa = PBXFileReference; lastKnownFileType = text.plist.xml; path = Info.plist; sourceTree = "<group>"; };
		C48EDFED1AAA945C009278D7 /* main.m */ = {isa = PBXFileReference; lastKnownFileType = sourcecode.c.objc; path = main.m; sourceTree = "<group>"; };
		C48EDFEF1AAA945C009278D7 /* AppDelegate.h */ = {isa = PBXFileReference; lastKnownFileType = sourcecode.c.h; path = AppDelegate.h; sourceTree = "<group>"; };
		C48EDFF01AAA945C009278D7 /* AppDelegate.m */ = {isa = PBXFileReference; lastKnownFileType = sourcecode.c.objc; path = AppDelegate.m; sourceTree = "<group>"; };
		C48EDFF31AAA945C009278D7 /* CoffeeFindr.xcdatamodel */ = {isa = PBXFileReference; lastKnownFileType = wrapper.xcdatamodel; path = CoffeeFindr.xcdatamodel; sourceTree = "<group>"; };
		C48EDFF91AAA945C009278D7 /* Base */ = {isa = PBXFileReference; lastKnownFileType = file.storyboard; name = Base; path = Base.lproj/Main.storyboard; sourceTree = "<group>"; };
		C48EDFFB1AAA945C009278D7 /* Images.xcassets */ = {isa = PBXFileReference; lastKnownFileType = folder.assetcatalog; path = Images.xcassets; sourceTree = "<group>"; };
		C48EDFFE1AAA945C009278D7 /* Base */ = {isa = PBXFileReference; lastKnownFileType = file.xib; name = Base; path = Base.lproj/LaunchScreen.xib; sourceTree = "<group>"; };
		C48EE0041AAA945C009278D7 /* CoffeeFindrTests.xctest */ = {isa = PBXFileReference; explicitFileType = wrapper.cfbundle; includeInIndex = 0; path = CoffeeFindrTests.xctest; sourceTree = BUILT_PRODUCTS_DIR; };
		C48EE0091AAA945C009278D7 /* Info.plist */ = {isa = PBXFileReference; lastKnownFileType = text.plist.xml; path = Info.plist; sourceTree = "<group>"; };
		C48EE00A1AAA945C009278D7 /* CoffeeFindrTests.m */ = {isa = PBXFileReference; lastKnownFileType = sourcecode.c.objc; path = CoffeeFindrTests.m; sourceTree = "<group>"; };
		C48EE0141AAA9496009278D7 /* ListViewController.h */ = {isa = PBXFileReference; fileEncoding = 4; lastKnownFileType = sourcecode.c.h; name = ListViewController.h; path = ../ListViewController.h; sourceTree = "<group>"; };
		C48EE0151AAA9496009278D7 /* ListViewController.m */ = {isa = PBXFileReference; fileEncoding = 4; lastKnownFileType = sourcecode.c.objc; name = ListViewController.m; path = ../ListViewController.m; sourceTree = "<group>"; };
		C48EE0171AAA94FB009278D7 /* CoreLocation.framework */ = {isa = PBXFileReference; lastKnownFileType = wrapper.framework; name = CoreLocation.framework; path = System/Library/Frameworks/CoreLocation.framework; sourceTree = SDKROOT; };
		C48EE0191AAA950B009278D7 /* MapKit.framework */ = {isa = PBXFileReference; lastKnownFileType = wrapper.framework; name = MapKit.framework; path = System/Library/Frameworks/MapKit.framework; sourceTree = SDKROOT; };
		C4918E701AAB802E001497C3 /* CoffeePlace.h */ = {isa = PBXFileReference; fileEncoding = 4; lastKnownFileType = sourcecode.c.h; path = CoffeePlace.h; sourceTree = "<group>"; };
		C4918E711AAB802E001497C3 /* CoffeePlace.m */ = {isa = PBXFileReference; fileEncoding = 4; lastKnownFileType = sourcecode.c.objc; path = CoffeePlace.m; sourceTree = "<group>"; };
		C4918E741AABFFD9001497C3 /* DetailViewController.h */ = {isa = PBXFileReference; fileEncoding = 4; lastKnownFileType = sourcecode.c.h; path = DetailViewController.h; sourceTree = "<group>"; };
		C4918E751AABFFD9001497C3 /* DetailViewController.m */ = {isa = PBXFileReference; fileEncoding = 4; lastKnownFileType = sourcecode.c.objc; path = DetailViewController.m; sourceTree = "<group>"; };
/* End PBXFileReference section */

/* Begin PBXFrameworksBuildPhase section */
		C48EDFE51AAA945C009278D7 /* Frameworks */ = {
			isa = PBXFrameworksBuildPhase;
			buildActionMask = 2147483647;
			files = (
				C48EE01A1AAA950B009278D7 /* MapKit.framework in Frameworks */,
				C48EE0181AAA94FB009278D7 /* CoreLocation.framework in Frameworks */,
			);
			runOnlyForDeploymentPostprocessing = 0;
		};
		C48EE0011AAA945C009278D7 /* Frameworks */ = {
			isa = PBXFrameworksBuildPhase;
			buildActionMask = 2147483647;
			files = (
			);
			runOnlyForDeploymentPostprocessing = 0;
		};
/* End PBXFrameworksBuildPhase section */

/* Begin PBXGroup section */
		C48EDFDF1AAA945C009278D7 = {
			isa = PBXGroup;
			children = (
				C48EE0191AAA950B009278D7 /* MapKit.framework */,
				C48EE0171AAA94FB009278D7 /* CoreLocation.framework */,
				C48EDFEA1AAA945C009278D7 /* CoffeeFindr */,
				C48EE0071AAA945C009278D7 /* CoffeeFindrTests */,
				C48EDFE91AAA945C009278D7 /* Products */,
			);
			sourceTree = "<group>";
		};
		C48EDFE91AAA945C009278D7 /* Products */ = {
			isa = PBXGroup;
			children = (
				C48EDFE81AAA945C009278D7 /* CoffeeFindr.app */,
				C48EE0041AAA945C009278D7 /* CoffeeFindrTests.xctest */,
			);
			name = Products;
			sourceTree = "<group>";
		};
		C48EDFEA1AAA945C009278D7 /* CoffeeFindr */ = {
			isa = PBXGroup;
			children = (
				C48EE0141AAA9496009278D7 /* ListViewController.h */,
				C48EE0151AAA9496009278D7 /* ListViewController.m */,
				C4918E701AAB802E001497C3 /* CoffeePlace.h */,
				C4918E711AAB802E001497C3 /* CoffeePlace.m */,
				C48EDFEF1AAA945C009278D7 /* AppDelegate.h */,
				C48EDFF01AAA945C009278D7 /* AppDelegate.m */,
				C48EDFF81AAA945C009278D7 /* Main.storyboard */,
				C4918E741AABFFD9001497C3 /* DetailViewController.h */,
				C4918E751AABFFD9001497C3 /* DetailViewController.m */,
				C48EDFFB1AAA945C009278D7 /* Images.xcassets */,
				C48EDFFD1AAA945C009278D7 /* LaunchScreen.xib */,
				C48EDFF21AAA945C009278D7 /* CoffeeFindr.xcdatamodeld */,
				C48EDFEB1AAA945C009278D7 /* Supporting Files */,
			);
			path = CoffeeFindr;
			sourceTree = "<group>";
		};
		C48EDFEB1AAA945C009278D7 /* Supporting Files */ = {
			isa = PBXGroup;
			children = (
				C48EDFEC1AAA945C009278D7 /* Info.plist */,
				C48EDFED1AAA945C009278D7 /* main.m */,
			);
			name = "Supporting Files";
			sourceTree = "<group>";
		};
		C48EE0071AAA945C009278D7 /* CoffeeFindrTests */ = {
			isa = PBXGroup;
			children = (
				C48EE00A1AAA945C009278D7 /* CoffeeFindrTests.m */,
				C48EE0081AAA945C009278D7 /* Supporting Files */,
			);
			path = CoffeeFindrTests;
			sourceTree = "<group>";
		};
		C48EE0081AAA945C009278D7 /* Supporting Files */ = {
			isa = PBXGroup;
			children = (
				C48EE0091AAA945C009278D7 /* Info.plist */,
			);
			name = "Supporting Files";
			sourceTree = "<group>";
		};
/* End PBXGroup section */

/* Begin PBXNativeTarget section */
		C48EDFE71AAA945C009278D7 /* CoffeeFindr */ = {
			isa = PBXNativeTarget;
			buildConfigurationList = C48EE00E1AAA945C009278D7 /* Build configuration list for PBXNativeTarget "CoffeeFindr" */;
			buildPhases = (
				C48EDFE41AAA945C009278D7 /* Sources */,
				C48EDFE51AAA945C009278D7 /* Frameworks */,
				C48EDFE61AAA945C009278D7 /* Resources */,
			);
			buildRules = (
			);
			dependencies = (
			);
			name = CoffeeFindr;
			productName = CoffeeFindr;
			productReference = C48EDFE81AAA945C009278D7 /* CoffeeFindr.app */;
			productType = "com.apple.product-type.application";
		};
		C48EE0031AAA945C009278D7 /* CoffeeFindrTests */ = {
			isa = PBXNativeTarget;
			buildConfigurationList = C48EE0111AAA945C009278D7 /* Build configuration list for PBXNativeTarget "CoffeeFindrTests" */;
			buildPhases = (
				C48EE0001AAA945C009278D7 /* Sources */,
				C48EE0011AAA945C009278D7 /* Frameworks */,
				C48EE0021AAA945C009278D7 /* Resources */,
			);
			buildRules = (
			);
			dependencies = (
				C48EE0061AAA945C009278D7 /* PBXTargetDependency */,
			);
			name = CoffeeFindrTests;
			productName = CoffeeFindrTests;
			productReference = C48EE0041AAA945C009278D7 /* CoffeeFindrTests.xctest */;
			productType = "com.apple.product-type.bundle.unit-test";
		};
/* End PBXNativeTarget section */

/* Begin PBXProject section */
		C48EDFE01AAA945C009278D7 /* Project object */ = {
			isa = PBXProject;
			attributes = {
				LastUpgradeCheck = 0610;
				ORGANIZATIONNAME = "Matt Larkin";
				TargetAttributes = {
					C48EDFE71AAA945C009278D7 = {
						CreatedOnToolsVersion = 6.1.1;
					};
					C48EE0031AAA945C009278D7 = {
						CreatedOnToolsVersion = 6.1.1;
						TestTargetID = C48EDFE71AAA945C009278D7;
					};
				};
			};
			buildConfigurationList = C48EDFE31AAA945C009278D7 /* Build configuration list for PBXProject "CoffeeFindr" */;
			compatibilityVersion = "Xcode 3.2";
			developmentRegion = English;
			hasScannedForEncodings = 0;
			knownRegions = (
				en,
				Base,
			);
			mainGroup = C48EDFDF1AAA945C009278D7;
			productRefGroup = C48EDFE91AAA945C009278D7 /* Products */;
			projectDirPath = "";
			projectRoot = "";
			targets = (
				C48EDFE71AAA945C009278D7 /* CoffeeFindr */,
				C48EE0031AAA945C009278D7 /* CoffeeFindrTests */,
			);
		};
/* End PBXProject section */

/* Begin PBXResourcesBuildPhase section */
		C48EDFE61AAA945C009278D7 /* Resources */ = {
			isa = PBXResourcesBuildPhase;
			buildActionMask = 2147483647;
			files = (
				C48EDFFA1AAA945C009278D7 /* Main.storyboard in Resources */,
				C48EDFFF1AAA945C009278D7 /* LaunchScreen.xib in Resources */,
				C48EDFFC1AAA945C009278D7 /* Images.xcassets in Resources */,
			);
			runOnlyForDeploymentPostprocessing = 0;
		};
		C48EE0021AAA945C009278D7 /* Resources */ = {
			isa = PBXResourcesBuildPhase;
			buildActionMask = 2147483647;
			files = (
			);
			runOnlyForDeploymentPostprocessing = 0;
		};
/* End PBXResourcesBuildPhase section */

/* Begin PBXSourcesBuildPhase section */
		C48EDFE41AAA945C009278D7 /* Sources */ = {
			isa = PBXSourcesBuildPhase;
			buildActionMask = 2147483647;
			files = (
				C48EDFF11AAA945C009278D7 /* AppDelegate.m in Sources */,
				C48EDFEE1AAA945C009278D7 /* main.m in Sources */,
				C48EE0161AAA9496009278D7 /* ListViewController.m in Sources */,
				C4918E721AAB802E001497C3 /* CoffeePlace.m in Sources */,
				C48EDFF41AAA945C009278D7 /* CoffeeFindr.xcdatamodeld in Sources */,
				C4918E761AABFFD9001497C3 /* DetailViewController.m in Sources */,
			);
			runOnlyForDeploymentPostprocessing = 0;
		};
		C48EE0001AAA945C009278D7 /* Sources */ = {
			isa = PBXSourcesBuildPhase;
			buildActionMask = 2147483647;
			files = (
				C48EE00B1AAA945C009278D7 /* CoffeeFindrTests.m in Sources */,
				C4918E731AAB802E001497C3 /* CoffeePlace.m in Sources */,
			);
			runOnlyForDeploymentPostprocessing = 0;
		};
/* End PBXSourcesBuildPhase section */

/* Begin PBXTargetDependency section */
		C48EE0061AAA945C009278D7 /* PBXTargetDependency */ = {
			isa = PBXTargetDependency;
			target = C48EDFE71AAA945C009278D7 /* CoffeeFindr */;
			targetProxy = C48EE0051AAA945C009278D7 /* PBXContainerItemProxy */;
		};
/* End PBXTargetDependency section */

/* Begin PBXVariantGroup section */
		C48EDFF81AAA945C009278D7 /* Main.storyboard */ = {
			isa = PBXVariantGroup;
			children = (
				C48EDFF91AAA945C009278D7 /* Base */,
			);
			name = Main.storyboard;
			sourceTree = "<group>";
		};
		C48EDFFD1AAA945C009278D7 /* LaunchScreen.xib */ = {
			isa = PBXVariantGroup;
			children = (
				C48EDFFE1AAA945C009278D7 /* Base */,
			);
			name = LaunchScreen.xib;
			sourceTree = "<group>";
		};
/* End PBXVariantGroup section */

/* Begin XCBuildConfiguration section */
		C48EE00C1AAA945C009278D7 /* Debug */ = {
			isa = XCBuildConfiguration;
			buildSettings = {
				ALWAYS_SEARCH_USER_PATHS = NO;
				CLANG_CXX_LANGUAGE_STANDARD = "gnu++0x";
				CLANG_CXX_LIBRARY = "libc++";
				CLANG_ENABLE_MODULES = YES;
				CLANG_ENABLE_OBJC_ARC = YES;
				CLANG_WARN_BOOL_CONVERSION = YES;
				CLANG_WARN_CONSTANT_CONVERSION = YES;
				CLANG_WARN_DIRECT_OBJC_ISA_USAGE = YES_ERROR;
				CLANG_WARN_EMPTY_BODY = YES;
				CLANG_WARN_ENUM_CONVERSION = YES;
				CLANG_WARN_INT_CONVERSION = YES;
				CLANG_WARN_OBJC_ROOT_CLASS = YES_ERROR;
				CLANG_WARN_UNREACHABLE_CODE = YES;
				CLANG_WARN__DUPLICATE_METHOD_MATCH = YES;
				"CODE_SIGN_IDENTITY[sdk=iphoneos*]" = "iPhone Developer";
				COPY_PHASE_STRIP = NO;
				ENABLE_STRICT_OBJC_MSGSEND = YES;
				GCC_C_LANGUAGE_STANDARD = gnu99;
				GCC_DYNAMIC_NO_PIC = NO;
				GCC_OPTIMIZATION_LEVEL = 0;
				GCC_PREPROCESSOR_DEFINITIONS = (
					"DEBUG=1",
					"$(inherited)",
				);
				GCC_SYMBOLS_PRIVATE_EXTERN = NO;
				GCC_WARN_64_TO_32_BIT_CONVERSION = YES;
				GCC_WARN_ABOUT_RETURN_TYPE = YES_ERROR;
				GCC_WARN_UNDECLARED_SELECTOR = YES;
				GCC_WARN_UNINITIALIZED_AUTOS = YES_AGGRESSIVE;
				GCC_WARN_UNUSED_FUNCTION = YES;
				GCC_WARN_UNUSED_VARIABLE = YES;
				IPHONEOS_DEPLOYMENT_TARGET = 8.1;
				MTL_ENABLE_DEBUG_INFO = YES;
				ONLY_ACTIVE_ARCH = YES;
				SDKROOT = iphoneos;
			};
			name = Debug;
		};
		C48EE00D1AAA945C009278D7 /* Release */ = {
			isa = XCBuildConfiguration;
			buildSettings = {
				ALWAYS_SEARCH_USER_PATHS = NO;
				CLANG_CXX_LANGUAGE_STANDARD = "gnu++0x";
				CLANG_CXX_LIBRARY = "libc++";
				CLANG_ENABLE_MODULES = YES;
				CLANG_ENABLE_OBJC_ARC = YES;
				CLANG_WARN_BOOL_CONVERSION = YES;
				CLANG_WARN_CONSTANT_CONVERSION = YES;
				CLANG_WARN_DIRECT_OBJC_ISA_USAGE = YES_ERROR;
				CLANG_WARN_EMPTY_BODY = YES;
				CLANG_WARN_ENUM_CONVERSION = YES;
				CLANG_WARN_INT_CONVERSION = YES;
				CLANG_WARN_OBJC_ROOT_CLASS = YES_ERROR;
				CLANG_WARN_UNREACHABLE_CODE = YES;
				CLANG_WARN__DUPLICATE_METHOD_MATCH = YES;
				"CODE_SIGN_IDENTITY[sdk=iphoneos*]" = "iPhone Developer";
				COPY_PHASE_STRIP = YES;
				ENABLE_NS_ASSERTIONS = NO;
				ENABLE_STRICT_OBJC_MSGSEND = YES;
				GCC_C_LANGUAGE_STANDARD = gnu99;
				GCC_WARN_64_TO_32_BIT_CONVERSION = YES;
				GCC_WARN_ABOUT_RETURN_TYPE = YES_ERROR;
				GCC_WARN_UNDECLARED_SELECTOR = YES;
				GCC_WARN_UNINITIALIZED_AUTOS = YES_AGGRESSIVE;
				GCC_WARN_UNUSED_FUNCTION = YES;
				GCC_WARN_UNUSED_VARIABLE = YES;
				IPHONEOS_DEPLOYMENT_TARGET = 8.1;
				MTL_ENABLE_DEBUG_INFO = NO;
				SDKROOT = iphoneos;
				VALIDATE_PRODUCT = YES;
			};
			name = Release;
		};
		C48EE00F1AAA945C009278D7 /* Debug */ = {
			isa = XCBuildConfiguration;
			buildSettings = {
				ASSETCATALOG_COMPILER_APPICON_NAME = AppIcon;
				INFOPLIST_FILE = CoffeeFindr/Info.plist;
				LD_RUNPATH_SEARCH_PATHS = "$(inherited) @executable_path/Frameworks";
				PRODUCT_NAME = "$(TARGET_NAME)";
			};
			name = Debug;
		};
		C48EE0101AAA945C009278D7 /* Release */ = {
			isa = XCBuildConfiguration;
			buildSettings = {
				ASSETCATALOG_COMPILER_APPICON_NAME = AppIcon;
				INFOPLIST_FILE = CoffeeFindr/Info.plist;
				LD_RUNPATH_SEARCH_PATHS = "$(inherited) @executable_path/Frameworks";
				PRODUCT_NAME = "$(TARGET_NAME)";
			};
			name = Release;
		};
		C48EE0121AAA945C009278D7 /* Debug */ = {
			isa = XCBuildConfiguration;
			buildSettings = {
				BUNDLE_LOADER = "$(TEST_HOST)";
				FRAMEWORK_SEARCH_PATHS = (
					"$(SDKROOT)/Developer/Library/Frameworks",
					"$(inherited)",
				);
				GCC_PREPROCESSOR_DEFINITIONS = (
					"DEBUG=1",
					"$(inherited)",
				);
				INFOPLIST_FILE = CoffeeFindrTests/Info.plist;
				LD_RUNPATH_SEARCH_PATHS = "$(inherited) @executable_path/Frameworks @loader_path/Frameworks";
				PRODUCT_NAME = "$(TARGET_NAME)";
				TEST_HOST = "$(BUILT_PRODUCTS_DIR)/CoffeeFindr.app/CoffeeFindr";
			};
			name = Debug;
		};
		C48EE0131AAA945C009278D7 /* Release */ = {
			isa = XCBuildConfiguration;
			buildSettings = {
				BUNDLE_LOADER = "$(TEST_HOST)";
				FRAMEWORK_SEARCH_PATHS = (
					"$(SDKROOT)/Developer/Library/Frameworks",
					"$(inherited)",
				);
				INFOPLIST_FILE = CoffeeFindrTests/Info.plist;
				LD_RUNPATH_SEARCH_PATHS = "$(inherited) @executable_path/Frameworks @loader_path/Frameworks";
				PRODUCT_NAME = "$(TARGET_NAME)";
				TEST_HOST = "$(BUILT_PRODUCTS_DIR)/CoffeeFindr.app/CoffeeFindr";
			};
			name = Release;
		};
/* End XCBuildConfiguration section */

/* Begin XCConfigurationList section */
		C48EDFE31AAA945C009278D7 /* Build configuration list for PBXProject "CoffeeFindr" */ = {
			isa = XCConfigurationList;
			buildConfigurations = (
				C48EE00C1AAA945C009278D7 /* Debug */,
				C48EE00D1AAA945C009278D7 /* Release */,
			);
			defaultConfigurationIsVisible = 0;
			defaultConfigurationName = Release;
		};
		C48EE00E1AAA945C009278D7 /* Build configuration list for PBXNativeTarget "CoffeeFindr" */ = {
			isa = XCConfigurationList;
			buildConfigurations = (
				C48EE00F1AAA945C009278D7 /* Debug */,
				C48EE0101AAA945C009278D7 /* Release */,
			);
			defaultConfigurationIsVisible = 0;
			defaultConfigurationName = Release;
		};
		C48EE0111AAA945C009278D7 /* Build configuration list for PBXNativeTarget "CoffeeFindrTests" */ = {
			isa = XCConfigurationList;
			buildConfigurations = (
				C48EE0121AAA945C009278D7 /* Debug */,
				C48EE0131AAA945C009278D7 /* Release */,
			);
			defaultConfigurationIsVisible = 0;
			defaultConfigurationName = Release;
		};
/* End XCConfigurationList section */

/* Begin XCVersionGroup section */
		C48EDFF21AAA945C009278D7 /* CoffeeFindr.xcdatamodeld */ = {
			isa = XCVersionGroup;
			children = (
				C48EDFF31AAA945C009278D7 /* CoffeeFindr.xcdatamodel */,
			);
			currentVersion = C48EDFF31AAA945C009278D7 /* CoffeeFindr.xcdatamodel */;
			path = CoffeeFindr.xcdatamodeld;
			sourceTree = "<group>";
			versionGroupType = wrapper.xcdatamodel;
		};
/* End XCVersionGroup section */
	};
	rootObject = C48EDFE01AAA945C009278D7 /* Project object */;
}
